
Microsoft Visual Studio Solution File, Format Version 12.00
# Visual Studio Version 16
VisualStudioVersion = 16.0.31410.357
MinimumVisualStudioVersion = 10.0.40219.1
Project("{FAE04EC0-301F-11D3-BF4B-00C04F79EFBC}") = "ExecProp04", "ExecProp04\ExecProp04.csproj", "{B2232F69-A0DB-42A0-86D2-99B7599F6768}"
EndProject
Global
	GlobalSection(SolutionConfigurationPlatforms) = preSolution
		Debug|Any CPU = Debug|Any CPU
		Release|Any CPU = Release|Any CPU
	EndGlobalSection
	GlobalSection(ProjectConfigurationPlatforms) = postSolution
		{B2232F69-A0DB-42A0-86D2-99B7599F6768}.Debug|Any CPU.ActiveCfg = Debug|Any CPU
		{B2232F69-A0DB-42A0-86D2-99B7599F6768}.Debug|Any CPU.Build.0 = Debug|Any CPU
		{B2232F69-A0DB-42A0-86D2-99B7599F6768}.Release|Any CPU.ActiveCfg = Release|Any CPU
		{B2232F69-A0DB-42A0-86D2-99B7599F6768}.Release|Any CPU.Build.0 = Release|Any CPU
	EndGlobalSection
	GlobalSection(SolutionProperties) = preSolution
		HideSolutionNode = FALSE
	EndGlobalSection
	GlobalSection(ExtensibilityGlobals) = postSolution
		SolutionGuid = {4BC06CEB-E150-43FB-AA33-02EC90498361}
	EndGlobalSection
EndGlobal
