
Microsoft Visual Studio Solution File, Format Version 12.00
# Visual Studio Version 16
VisualStudioVersion = 16.0.31911.196
MinimumVisualStudioVersion = 10.0.40219.1
Project("{FAE04EC0-301F-11D3-BF4B-00C04F79EFBC}") = "byteBank", "byteBank\byteBank.csproj", "{D51A306D-1F6D-4AB3-A93E-CCB1EF3ACBDD}"
EndProject
Global
	GlobalSection(SolutionConfigurationPlatforms) = preSolution
		Debug|Any CPU = Debug|Any CPU
		Release|Any CPU = Release|Any CPU
	EndGlobalSection
	GlobalSection(ProjectConfigurationPlatforms) = postSolution
		{D51A306D-1F6D-4AB3-A93E-CCB1EF3ACBDD}.Debug|Any CPU.ActiveCfg = Debug|Any CPU
		{D51A306D-1F6D-4AB3-A93E-CCB1EF3ACBDD}.Debug|Any CPU.Build.0 = Debug|Any CPU
		{D51A306D-1F6D-4AB3-A93E-CCB1EF3ACBDD}.Release|Any CPU.ActiveCfg = Release|Any CPU
		{D51A306D-1F6D-4AB3-A93E-CCB1EF3ACBDD}.Release|Any CPU.Build.0 = Release|Any CPU
	EndGlobalSection
	GlobalSection(SolutionProperties) = preSolution
		HideSolutionNode = FALSE
	EndGlobalSection
	GlobalSection(ExtensibilityGlobals) = postSolution
		SolutionGuid = {C929F993-E3E8-402A-955C-D4D334C2C2DF}
	EndGlobalSection
EndGlobal
