
Microsoft Visual Studio Solution File, Format Version 12.00
# Visual Studio Version 16
VisualStudioVersion = 16.0.31410.357
MinimumVisualStudioVersion = 10.0.40219.1
Project("{FAE04EC0-301F-11D3-BF4B-00C04F79EFBC}") = "Exec01ReservaQuarto", "Exec01ReservaQuarto\Exec01ReservaQuarto.csproj", "{B7941A8E-7B8E-4F27-8975-AA71E582C2FE}"
EndProject
Global
	GlobalSection(SolutionConfigurationPlatforms) = preSolution
		Debug|Any CPU = Debug|Any CPU
		Release|Any CPU = Release|Any CPU
	EndGlobalSection
	GlobalSection(ProjectConfigurationPlatforms) = postSolution
		{B7941A8E-7B8E-4F27-8975-AA71E582C2FE}.Debug|Any CPU.ActiveCfg = Debug|Any CPU
		{B7941A8E-7B8E-4F27-8975-AA71E582C2FE}.Debug|Any CPU.Build.0 = Debug|Any CPU
		{B7941A8E-7B8E-4F27-8975-AA71E582C2FE}.Release|Any CPU.ActiveCfg = Release|Any CPU
		{B7941A8E-7B8E-4F27-8975-AA71E582C2FE}.Release|Any CPU.Build.0 = Release|Any CPU
	EndGlobalSection
	GlobalSection(SolutionProperties) = preSolution
		HideSolutionNode = FALSE
	EndGlobalSection
	GlobalSection(ExtensibilityGlobals) = postSolution
		SolutionGuid = {887E0286-6CEC-4176-BE52-450683624284}
	EndGlobalSection
EndGlobal
