
Microsoft Visual Studio Solution File, Format Version 12.00
# Visual Studio Version 16
VisualStudioVersion = 16.0.31410.357
MinimumVisualStudioVersion = 10.0.40219.1
Project("{FAE04EC0-301F-11D3-BF4B-00C04F79EFBC}") = "Exec04TratamentoErro", "Exec04TratamentoErro\Exec04TratamentoErro.csproj", "{B9E03372-5DDF-41F5-8C3E-EA79D66256C4}"
EndProject
Global
	GlobalSection(SolutionConfigurationPlatforms) = preSolution
		Debug|Any CPU = Debug|Any CPU
		Release|Any CPU = Release|Any CPU
	EndGlobalSection
	GlobalSection(ProjectConfigurationPlatforms) = postSolution
		{B9E03372-5DDF-41F5-8C3E-EA79D66256C4}.Debug|Any CPU.ActiveCfg = Debug|Any CPU
		{B9E03372-5DDF-41F5-8C3E-EA79D66256C4}.Debug|Any CPU.Build.0 = Debug|Any CPU
		{B9E03372-5DDF-41F5-8C3E-EA79D66256C4}.Release|Any CPU.ActiveCfg = Release|Any CPU
		{B9E03372-5DDF-41F5-8C3E-EA79D66256C4}.Release|Any CPU.Build.0 = Release|Any CPU
	EndGlobalSection
	GlobalSection(SolutionProperties) = preSolution
		HideSolutionNode = FALSE
	EndGlobalSection
	GlobalSection(ExtensibilityGlobals) = postSolution
		SolutionGuid = {8B9592E0-4E3F-428A-9F04-187E33978076}
	EndGlobalSection
EndGlobal
