
Microsoft Visual Studio Solution File, Format Version 12.00
# Visual Studio Version 16
VisualStudioVersion = 16.0.31410.357
MinimumVisualStudioVersion = 10.0.40219.1
Project("{FAE04EC0-301F-11D3-BF4B-00C04F79EFBC}") = "Exec01", "Exec01\Exec01.csproj", "{C290FFCE-ACBA-4D92-BAFC-C0DD6748BAF5}"
EndProject
Global
	GlobalSection(SolutionConfigurationPlatforms) = preSolution
		Debug|Any CPU = Debug|Any CPU
		Release|Any CPU = Release|Any CPU
	EndGlobalSection
	GlobalSection(ProjectConfigurationPlatforms) = postSolution
		{C290FFCE-ACBA-4D92-BAFC-C0DD6748BAF5}.Debug|Any CPU.ActiveCfg = Debug|Any CPU
		{C290FFCE-ACBA-4D92-BAFC-C0DD6748BAF5}.Debug|Any CPU.Build.0 = Debug|Any CPU
		{C290FFCE-ACBA-4D92-BAFC-C0DD6748BAF5}.Release|Any CPU.ActiveCfg = Release|Any CPU
		{C290FFCE-ACBA-4D92-BAFC-C0DD6748BAF5}.Release|Any CPU.Build.0 = Release|Any CPU
	EndGlobalSection
	GlobalSection(SolutionProperties) = preSolution
		HideSolutionNode = FALSE
	EndGlobalSection
	GlobalSection(ExtensibilityGlobals) = postSolution
		SolutionGuid = {331AFFF2-9439-43AF-A32A-13DAA0915C64}
	EndGlobalSection
EndGlobal
